
Microsoft Visual Studio Solution File, Format Version 12.00
# Visual Studio Version 17
VisualStudioVersion = 17.4.33122.133
MinimumVisualStudioVersion = 10.0.40219.1
Project("{9A19103F-16F7-4668-BE54-9A1E7A4F7556}") = "ThothRpc", "ThothRpc\ThothRpc.csproj", "{69D11480-A114-49E4-AC72-80FDDE5716FD}"
EndProject
Project("{9A19103F-16F7-4668-BE54-9A1E7A4F7556}") = "ThothRpc.LiteNetLib", "ThothRpc.LiteNetLib\ThothRpc.LiteNetLib.csproj", "{3F435FFE-D82E-4832-A739-076304DF4DF8}"
EndProject
Project("{9A19103F-16F7-4668-BE54-9A1E7A4F7556}") = "ThothRpc.Tests", "ThothRpc.Tests\ThothRpc.Tests.csproj", "{C16A0EA5-D7BA-430A-BA08-ED2F6145D913}"
EndProject
Project("{9A19103F-16F7-4668-BE54-9A1E7A4F7556}") = "ThothChatRoomExample", "ThothChatRoomExample\ThothChatRoomExample.csproj", "{C38A8644-1754-4404-A7E2-1E6CB09E4AD2}"
EndProject
Project("{2150E333-8FDC-42A3-9474-1A3956D46DE8}") = "Solution Items", "Solution Items", "{0958991C-C7EE-4C35-9061-6932F5F862FF}"
	ProjectSection(SolutionItems) = preProject
		.editorconfig = .editorconfig
	EndProjectSection
EndProject
Project("{9A19103F-16F7-4668-BE54-9A1E7A4F7556}") = "ThothRpc.MessagePack", "ThothRpc.MessagePack\ThothRpc.MessagePack.csproj", "{BF97A3A3-7967-4209-8191-B6B119708A94}"
EndProject
Project("{FAE04EC0-301F-11D3-BF4B-00C04F79EFBC}") = "ThothRpc.Websockets", "ThothRpc.Websockets\ThothRpc.Websockets.csproj", "{446D914D-8C90-4E7D-9E4A-3A560AB0B6BE}"
EndProject
Global
	GlobalSection(SolutionConfigurationPlatforms) = preSolution
		Debug|Any CPU = Debug|Any CPU
		Release|Any CPU = Release|Any CPU
	EndGlobalSection
	GlobalSection(ProjectConfigurationPlatforms) = postSolution
		{69D11480-A114-49E4-AC72-80FDDE5716FD}.Debug|Any CPU.ActiveCfg = Debug|Any CPU
		{69D11480-A114-49E4-AC72-80FDDE5716FD}.Debug|Any CPU.Build.0 = Debug|Any CPU
		{69D11480-A114-49E4-AC72-80FDDE5716FD}.Release|Any CPU.ActiveCfg = Release|Any CPU
		{69D11480-A114-49E4-AC72-80FDDE5716FD}.Release|Any CPU.Build.0 = Release|Any CPU
		{3F435FFE-D82E-4832-A739-076304DF4DF8}.Debug|Any CPU.ActiveCfg = Debug|Any CPU
		{3F435FFE-D82E-4832-A739-076304DF4DF8}.Debug|Any CPU.Build.0 = Debug|Any CPU
		{3F435FFE-D82E-4832-A739-076304DF4DF8}.Release|Any CPU.ActiveCfg = Release|Any CPU
		{3F435FFE-D82E-4832-A739-076304DF4DF8}.Release|Any CPU.Build.0 = Release|Any CPU
		{C16A0EA5-D7BA-430A-BA08-ED2F6145D913}.Debug|Any CPU.ActiveCfg = Debug|Any CPU
		{C16A0EA5-D7BA-430A-BA08-ED2F6145D913}.Debug|Any CPU.Build.0 = Debug|Any CPU
		{C16A0EA5-D7BA-430A-BA08-ED2F6145D913}.Release|Any CPU.ActiveCfg = Release|Any CPU
		{C16A0EA5-D7BA-430A-BA08-ED2F6145D913}.Release|Any CPU.Build.0 = Release|Any CPU
		{C38A8644-1754-4404-A7E2-1E6CB09E4AD2}.Debug|Any CPU.ActiveCfg = Debug|Any CPU
		{C38A8644-1754-4404-A7E2-1E6CB09E4AD2}.Debug|Any CPU.Build.0 = Debug|Any CPU
		{C38A8644-1754-4404-A7E2-1E6CB09E4AD2}.Release|Any CPU.ActiveCfg = Release|Any CPU
		{C38A8644-1754-4404-A7E2-1E6CB09E4AD2}.Release|Any CPU.Build.0 = Release|Any CPU
		{BF97A3A3-7967-4209-8191-B6B119708A94}.Debug|Any CPU.ActiveCfg = Debug|Any CPU
		{BF97A3A3-7967-4209-8191-B6B119708A94}.Debug|Any CPU.Build.0 = Debug|Any CPU
		{BF97A3A3-7967-4209-8191-B6B119708A94}.Release|Any CPU.ActiveCfg = Release|Any CPU
		{BF97A3A3-7967-4209-8191-B6B119708A94}.Release|Any CPU.Build.0 = Release|Any CPU
		{446D914D-8C90-4E7D-9E4A-3A560AB0B6BE}.Debug|Any CPU.ActiveCfg = Debug|Any CPU
		{446D914D-8C90-4E7D-9E4A-3A560AB0B6BE}.Debug|Any CPU.Build.0 = Debug|Any CPU
		{446D914D-8C90-4E7D-9E4A-3A560AB0B6BE}.Release|Any CPU.ActiveCfg = Release|Any CPU
		{446D914D-8C90-4E7D-9E4A-3A560AB0B6BE}.Release|Any CPU.Build.0 = Release|Any CPU
	EndGlobalSection
	GlobalSection(SolutionProperties) = preSolution
		HideSolutionNode = FALSE
	EndGlobalSection
	GlobalSection(ExtensibilityGlobals) = postSolution
		SolutionGuid = {FF50F295-EE4E-4B98-8C85-8F7497C03477}
	EndGlobalSection
EndGlobal
